
Microsoft Visual Studio Solution File, Format Version 12.00
# Visual Studio 15
VisualStudioVersion = 15.0.26730.10
MinimumVisualStudioVersion = 10.0.40219.1
Project("{FAE04EC0-301F-11D3-BF4B-00C04F79EFBC}") = "Singleton", "Singleton\Singleton.csproj", "{FE0D8CC1-A77C-4694-BCF1-3096DE5830A1}"
EndProject
Global
	GlobalSection(SolutionConfigurationPlatforms) = preSolution
		Debug|Any CPU = Debug|Any CPU
		Release|Any CPU = Release|Any CPU
	EndGlobalSection
	GlobalSection(ProjectConfigurationPlatforms) = postSolution
		{FE0D8CC1-A77C-4694-BCF1-3096DE5830A1}.Debug|Any CPU.ActiveCfg = Debug|Any CPU
		{FE0D8CC1-A77C-4694-BCF1-3096DE5830A1}.Debug|Any CPU.Build.0 = Debug|Any CPU
		{FE0D8CC1-A77C-4694-BCF1-3096DE5830A1}.Release|Any CPU.ActiveCfg = Release|Any CPU
		{FE0D8CC1-A77C-4694-BCF1-3096DE5830A1}.Release|Any CPU.Build.0 = Release|Any CPU
	EndGlobalSection
	GlobalSection(SolutionProperties) = preSolution
		HideSolutionNode = FALSE
	EndGlobalSection
	GlobalSection(ExtensibilityGlobals) = postSolution
		SolutionGuid = {41FCAD5F-23FB-4159-B5A7-D1A8AD8F23A5}
	EndGlobalSection
EndGlobal
